
Microsoft Visual Studio Solution File, Format Version 12.00
# Visual Studio Version 17
VisualStudioVersion = 17.4.33110.190
MinimumVisualStudioVersion = 10.0.40219.1
Project("{FAE04EC0-301F-11D3-BF4B-00C04F79EFBC}") = "Module35", "Module35.csproj", "{04DBBD26-6C3C-4C0F-A518-47BD2EE10F7E}"
EndProject
Global
	GlobalSection(SolutionConfigurationPlatforms) = preSolution
		Debug|Any CPU = Debug|Any CPU
		Release|Any CPU = Release|Any CPU
	EndGlobalSection
	GlobalSection(ProjectConfigurationPlatforms) = postSolution
		{04DBBD26-6C3C-4C0F-A518-47BD2EE10F7E}.Debug|Any CPU.ActiveCfg = Debug|Any CPU
		{04DBBD26-6C3C-4C0F-A518-47BD2EE10F7E}.Debug|Any CPU.Build.0 = Debug|Any CPU
		{04DBBD26-6C3C-4C0F-A518-47BD2EE10F7E}.Release|Any CPU.ActiveCfg = Release|Any CPU
		{04DBBD26-6C3C-4C0F-A518-47BD2EE10F7E}.Release|Any CPU.Build.0 = Release|Any CPU
	EndGlobalSection
	GlobalSection(SolutionProperties) = preSolution
		HideSolutionNode = FALSE
	EndGlobalSection
	GlobalSection(ExtensibilityGlobals) = postSolution
		SolutionGuid = {5CE0C6CE-28A6-485A-A291-AF32EBD3C192}
	EndGlobalSection
EndGlobal
